// !$*UTF8*$!
{
	archiveVersion = 1;
	classes = {
	};
	objectVersion = 46;
	objects = {

/* Begin PBXBuildFile section */
		616802FAF9D9904579411BFE /* Pods_FlickrViewer.framework in Frameworks */ = {isa = PBXBuildFile; fileRef = C2777B09D5A4D6E626153FB9 /* Pods_FlickrViewer.framework */; };
		D8011FE61CC4418D0032D90B /* AppDelegate.swift in Sources */ = {isa = PBXBuildFile; fileRef = D8011FE51CC4418D0032D90B /* AppDelegate.swift */; };
		D8011FE81CC4418D0032D90B /* FlickrFeedController.swift in Sources */ = {isa = PBXBuildFile; fileRef = D8011FE71CC4418D0032D90B /* FlickrFeedController.swift */; };
		D8011FEB1CC4418D0032D90B /* Main.storyboard in Resources */ = {isa = PBXBuildFile; fileRef = D8011FE91CC4418D0032D90B /* Main.storyboard */; };
		D8011FED1CC4418D0032D90B /* Assets.xcassets in Resources */ = {isa = PBXBuildFile; fileRef = D8011FEC1CC4418D0032D90B /* Assets.xcassets */; };
		D8011FF01CC4418D0032D90B /* LaunchScreen.storyboard in Resources */ = {isa = PBXBuildFile; fileRef = D8011FEE1CC4418D0032D90B /* LaunchScreen.storyboard */; };
		D8011FFA1CC4447D0032D90B /* Photo.swift in Sources */ = {isa = PBXBuildFile; fileRef = D8011FF91CC4447D0032D90B /* Photo.swift */; };
		D80D09721CC86E55001F57C0 /* PhotoCell.swift in Sources */ = {isa = PBXBuildFile; fileRef = D80D09711CC86E55001F57C0 /* PhotoCell.swift */; };
		D80D09741CC890E8001F57C0 /* PhotoViewController.swift in Sources */ = {isa = PBXBuildFile; fileRef = D80D09731CC890E8001F57C0 /* PhotoViewController.swift */; };
		D84BD6321CC71734004EEA79 /* FlickrClient.swift in Sources */ = {isa = PBXBuildFile; fileRef = D84BD6311CC71734004EEA79 /* FlickrClient.swift */; };
		D84BD6341CC72086004EEA79 /* PhotoStore.swift in Sources */ = {isa = PBXBuildFile; fileRef = D84BD6331CC72086004EEA79 /* PhotoStore.swift */; };
/* End PBXBuildFile section */

/* Begin PBXFileReference section */
		6C9477071673CAE921FE94BB /* Pods-FlickrViewer.release.xcconfig */ = {isa = PBXFileReference; includeInIndex = 1; lastKnownFileType = text.xcconfig; name = "Pods-FlickrViewer.release.xcconfig"; path = "Pods/Target Support Files/Pods-FlickrViewer/Pods-FlickrViewer.release.xcconfig"; sourceTree = "<group>"; };
		C2777B09D5A4D6E626153FB9 /* Pods_FlickrViewer.framework */ = {isa = PBXFileReference; explicitFileType = wrapper.framework; includeInIndex = 0; path = Pods_FlickrViewer.framework; sourceTree = BUILT_PRODUCTS_DIR; };
		CE92C984B84F1D9B9D688D2A /* Pods-FlickrViewer.debug.xcconfig */ = {isa = PBXFileReference; includeInIndex = 1; lastKnownFileType = text.xcconfig; name = "Pods-FlickrViewer.debug.xcconfig"; path = "Pods/Target Support Files/Pods-FlickrViewer/Pods-FlickrViewer.debug.xcconfig"; sourceTree = "<group>"; };
		D8011FE21CC4418D0032D90B /* FlickrViewer.app */ = {isa = PBXFileReference; explicitFileType = wrapper.application; includeInIndex = 0; path = FlickrViewer.app; sourceTree = BUILT_PRODUCTS_DIR; };
		D8011FE51CC4418D0032D90B /* AppDelegate.swift */ = {isa = PBXFileReference; lastKnownFileType = sourcecode.swift; path = AppDelegate.swift; sourceTree = "<group>"; };
		D8011FE71CC4418D0032D90B /* FlickrFeedController.swift */ = {isa = PBXFileReference; lastKnownFileType = sourcecode.swift; path = FlickrFeedController.swift; sourceTree = "<group>"; };
		D8011FEA1CC4418D0032D90B /* Base */ = {isa = PBXFileReference; lastKnownFileType = file.storyboard; name = Base; path = Base.lproj/Main.storyboard; sourceTree = "<group>"; };
		D8011FEC1CC4418D0032D90B /* Assets.xcassets */ = {isa = PBXFileReference; lastKnownFileType = folder.assetcatalog; path = Assets.xcassets; sourceTree = "<group>"; };
		D8011FEF1CC4418D0032D90B /* Base */ = {isa = PBXFileReference; lastKnownFileType = file.storyboard; name = Base; path = Base.lproj/LaunchScreen.storyboard; sourceTree = "<group>"; };
		D8011FF11CC4418D0032D90B /* Info.plist */ = {isa = PBXFileReference; lastKnownFileType = text.plist.xml; path = Info.plist; sourceTree = "<group>"; };
		D8011FF91CC4447D0032D90B /* Photo.swift */ = {isa = PBXFileReference; fileEncoding = 4; lastKnownFileType = sourcecode.swift; path = Photo.swift; sourceTree = "<group>"; };
		D80D09711CC86E55001F57C0 /* PhotoCell.swift */ = {isa = PBXFileReference; fileEncoding = 4; lastKnownFileType = sourcecode.swift; path = PhotoCell.swift; sourceTree = "<group>"; };
		D80D09731CC890E8001F57C0 /* PhotoViewController.swift */ = {isa = PBXFileReference; fileEncoding = 4; lastKnownFileType = sourcecode.swift; path = PhotoViewController.swift; sourceTree = "<group>"; };
		D84BD6311CC71734004EEA79 /* FlickrClient.swift */ = {isa = PBXFileReference; fileEncoding = 4; lastKnownFileType = sourcecode.swift; path = FlickrClient.swift; sourceTree = "<group>"; };
		D84BD6331CC72086004EEA79 /* PhotoStore.swift */ = {isa = PBXFileReference; fileEncoding = 4; lastKnownFileType = sourcecode.swift; path = PhotoStore.swift; sourceTree = "<group>"; };
/* End PBXFileReference section */

/* Begin PBXFrameworksBuildPhase section */
		D8011FDF1CC4418D0032D90B /* Frameworks */ = {
			isa = PBXFrameworksBuildPhase;
			buildActionMask = 2147483647;
			files = (
				616802FAF9D9904579411BFE /* Pods_FlickrViewer.framework in Frameworks */,
			);
			runOnlyForDeploymentPostprocessing = 0;
		};
/* End PBXFrameworksBuildPhase section */

/* Begin PBXGroup section */
		053D2FABC83767E96F98AE85 /* Pods */ = {
			isa = PBXGroup;
			children = (
				CE92C984B84F1D9B9D688D2A /* Pods-FlickrViewer.debug.xcconfig */,
				6C9477071673CAE921FE94BB /* Pods-FlickrViewer.release.xcconfig */,
			);
			name = Pods;
			sourceTree = "<group>";
		};
		2E1E3DECD01245A87E2D439B /* Frameworks */ = {
			isa = PBXGroup;
			children = (
				C2777B09D5A4D6E626153FB9 /* Pods_FlickrViewer.framework */,
			);
			name = Frameworks;
			sourceTree = "<group>";
		};
		D8011FD91CC4418D0032D90B = {
			isa = PBXGroup;
			children = (
				D8011FE41CC4418D0032D90B /* FlickrViewer */,
				D8011FE31CC4418D0032D90B /* Products */,
				053D2FABC83767E96F98AE85 /* Pods */,
				2E1E3DECD01245A87E2D439B /* Frameworks */,
			);
			sourceTree = "<group>";
		};
		D8011FE31CC4418D0032D90B /* Products */ = {
			isa = PBXGroup;
			children = (
				D8011FE21CC4418D0032D90B /* FlickrViewer.app */,
			);
			name = Products;
			sourceTree = "<group>";
		};
		D8011FE41CC4418D0032D90B /* FlickrViewer */ = {
			isa = PBXGroup;
			children = (
				D8011FE51CC4418D0032D90B /* AppDelegate.swift */,
				D8011FE71CC4418D0032D90B /* FlickrFeedController.swift */,
				D80D09731CC890E8001F57C0 /* PhotoViewController.swift */,
				D80D09711CC86E55001F57C0 /* PhotoCell.swift */,
				D8011FF91CC4447D0032D90B /* Photo.swift */,
				D84BD6331CC72086004EEA79 /* PhotoStore.swift */,
				D84BD6311CC71734004EEA79 /* FlickrClient.swift */,
				D8011FE91CC4418D0032D90B /* Main.storyboard */,
				D8011FEE1CC4418D0032D90B /* LaunchScreen.storyboard */,
				D8011FEC1CC4418D0032D90B /* Assets.xcassets */,
				D8011FF11CC4418D0032D90B /* Info.plist */,
			);
			path = FlickrViewer;
			sourceTree = "<group>";
		};
/* End PBXGroup section */

/* Begin PBXNativeTarget section */
		D8011FE11CC4418D0032D90B /* FlickrViewer */ = {
			isa = PBXNativeTarget;
			buildConfigurationList = D8011FF41CC4418D0032D90B /* Build configuration list for PBXNativeTarget "FlickrViewer" */;
			buildPhases = (
				AB05D1ADEBA1D7E353A41B78 /* 📦 Check Pods Manifest.lock */,
				D8011FDE1CC4418D0032D90B /* Sources */,
				D8011FDF1CC4418D0032D90B /* Frameworks */,
				D8011FE01CC4418D0032D90B /* Resources */,
				3646F9DAC73F3C93D5BD2696 /* 📦 Embed Pods Frameworks */,
				1C63C729617CCB9A5ECF4DA8 /* 📦 Copy Pods Resources */,
			);
			buildRules = (
			);
			dependencies = (
			);
			name = FlickrViewer;
			productName = FlickrViewer;
			productReference = D8011FE21CC4418D0032D90B /* FlickrViewer.app */;
			productType = "com.apple.product-type.application";
		};
/* End PBXNativeTarget section */

/* Begin PBXProject section */
		D8011FDA1CC4418D0032D90B /* Project object */ = {
			isa = PBXProject;
			attributes = {
				LastSwiftUpdateCheck = 0730;
				LastUpgradeCheck = 0730;
				ORGANIZATIONNAME = N4TR0N;
				TargetAttributes = {
					D8011FE11CC4418D0032D90B = {
						CreatedOnToolsVersion = 7.3;
					};
				};
			};
			buildConfigurationList = D8011FDD1CC4418D0032D90B /* Build configuration list for PBXProject "FlickrViewer" */;
			compatibilityVersion = "Xcode 3.2";
			developmentRegion = English;
			hasScannedForEncodings = 0;
			knownRegions = (
				en,
				Base,
			);
			mainGroup = D8011FD91CC4418D0032D90B;
			productRefGroup = D8011FE31CC4418D0032D90B /* Products */;
			projectDirPath = "";
			projectRoot = "";
			targets = (
				D8011FE11CC4418D0032D90B /* FlickrViewer */,
			);
		};
/* End PBXProject section */

/* Begin PBXResourcesBuildPhase section */
		D8011FE01CC4418D0032D90B /* Resources */ = {
			isa = PBXResourcesBuildPhase;
			buildActionMask = 2147483647;
			files = (
				D8011FF01CC4418D0032D90B /* LaunchScreen.storyboard in Resources */,
				D8011FED1CC4418D0032D90B /* Assets.xcassets in Resources */,
				D8011FEB1CC4418D0032D90B /* Main.storyboard in Resources */,
			);
			runOnlyForDeploymentPostprocessing = 0;
		};
/* End PBXResourcesBuildPhase section */

/* Begin PBXShellScriptBuildPhase section */
		1C63C729617CCB9A5ECF4DA8 /* 📦 Copy Pods Resources */ = {
			isa = PBXShellScriptBuildPhase;
			buildActionMask = 2147483647;
			files = (
			);
			inputPaths = (
			);
			name = "📦 Copy Pods Resources";
			outputPaths = (
			);
			runOnlyForDeploymentPostprocessing = 0;
			shellPath = /bin/sh;
			shellScript = "\"${SRCROOT}/Pods/Target Support Files/Pods-FlickrViewer/Pods-FlickrViewer-resources.sh\"\n";
			showEnvVarsInLog = 0;
		};
		3646F9DAC73F3C93D5BD2696 /* 📦 Embed Pods Frameworks */ = {
			isa = PBXShellScriptBuildPhase;
			buildActionMask = 2147483647;
			files = (
			);
			inputPaths = (
			);
			name = "📦 Embed Pods Frameworks";
			outputPaths = (
			);
			runOnlyForDeploymentPostprocessing = 0;
			shellPath = /bin/sh;
			shellScript = "\"${SRCROOT}/Pods/Target Support Files/Pods-FlickrViewer/Pods-FlickrViewer-frameworks.sh\"\n";
			showEnvVarsInLog = 0;
		};
		AB05D1ADEBA1D7E353A41B78 /* 📦 Check Pods Manifest.lock */ = {
			isa = PBXShellScriptBuildPhase;
			buildActionMask = 2147483647;
			files = (
			);
			inputPaths = (
			);
			name = "📦 Check Pods Manifest.lock";
			outputPaths = (
			);
			runOnlyForDeploymentPostprocessing = 0;
			shellPath = /bin/sh;
			shellScript = "diff \"${PODS_ROOT}/../Podfile.lock\" \"${PODS_ROOT}/Manifest.lock\" > /dev/null\nif [[ $? != 0 ]] ; then\n    cat << EOM\nerror: The sandbox is not in sync with the Podfile.lock. Run 'pod install' or update your CocoaPods installation.\nEOM\n    exit 1\nfi\n";
			showEnvVarsInLog = 0;
		};
/* End PBXShellScriptBuildPhase section */

/* Begin PBXSourcesBuildPhase section */
		D8011FDE1CC4418D0032D90B /* Sources */ = {
			isa = PBXSourcesBuildPhase;
			buildActionMask = 2147483647;
			files = (
				D84BD6341CC72086004EEA79 /* PhotoStore.swift in Sources */,
				D8011FFA1CC4447D0032D90B /* Photo.swift in Sources */,
				D8011FE81CC4418D0032D90B /* FlickrFeedController.swift in Sources */,
				D8011FE61CC4418D0032D90B /* AppDelegate.swift in Sources */,
				D80D09741CC890E8001F57C0 /* PhotoViewController.swift in Sources */,
				D80D09721CC86E55001F57C0 /* PhotoCell.swift in Sources */,
				D84BD6321CC71734004EEA79 /* FlickrClient.swift in Sources */,
			);
			runOnlyForDeploymentPostprocessing = 0;
		};
/* End PBXSourcesBuildPhase section */

/* Begin PBXVariantGroup section */
		D8011FE91CC4418D0032D90B /* Main.storyboard */ = {
			isa = PBXVariantGroup;
			children = (
				D8011FEA1CC4418D0032D90B /* Base */,
			);
			name = Main.storyboard;
			sourceTree = "<group>";
		};
		D8011FEE1CC4418D0032D90B /* LaunchScreen.storyboard */ = {
			isa = PBXVariantGroup;
			children = (
				D8011FEF1CC4418D0032D90B /* Base */,
			);
			name = LaunchScreen.storyboard;
			sourceTree = "<group>";
		};
/* End PBXVariantGroup section */

/* Begin XCBuildConfiguration section */
		D8011FF21CC4418D0032D90B /* Debug */ = {
			isa = XCBuildConfiguration;
			buildSettings = {
				ALWAYS_SEARCH_USER_PATHS = NO;
				CLANG_ANALYZER_NONNULL = YES;
				CLANG_CXX_LANGUAGE_STANDARD = "gnu++0x";
				CLANG_CXX_LIBRARY = "libc++";
				CLANG_ENABLE_MODULES = YES;
				CLANG_ENABLE_OBJC_ARC = YES;
				CLANG_WARN_BOOL_CONVERSION = YES;
				CLANG_WARN_CONSTANT_CONVERSION = YES;
				CLANG_WARN_DIRECT_OBJC_ISA_USAGE = YES_ERROR;
				CLANG_WARN_EMPTY_BODY = YES;
				CLANG_WARN_ENUM_CONVERSION = YES;
				CLANG_WARN_INT_CONVERSION = YES;
				CLANG_WARN_OBJC_ROOT_CLASS = YES_ERROR;
				CLANG_WARN_UNREACHABLE_CODE = YES;
				CLANG_WARN__DUPLICATE_METHOD_MATCH = YES;
				"CODE_SIGN_IDENTITY[sdk=iphoneos*]" = "iPhone Developer";
				COPY_PHASE_STRIP = NO;
				DEBUG_INFORMATION_FORMAT = dwarf;
				ENABLE_STRICT_OBJC_MSGSEND = YES;
				ENABLE_TESTABILITY = YES;
				GCC_C_LANGUAGE_STANDARD = gnu99;
				GCC_DYNAMIC_NO_PIC = NO;
				GCC_NO_COMMON_BLOCKS = YES;
				GCC_OPTIMIZATION_LEVEL = 0;
				GCC_PREPROCESSOR_DEFINITIONS = (
					"DEBUG=1",
					"$(inherited)",
				);
				GCC_WARN_64_TO_32_BIT_CONVERSION = YES;
				GCC_WARN_ABOUT_RETURN_TYPE = YES_ERROR;
				GCC_WARN_UNDECLARED_SELECTOR = YES;
				GCC_WARN_UNINITIALIZED_AUTOS = YES_AGGRESSIVE;
				GCC_WARN_UNUSED_FUNCTION = YES;
				GCC_WARN_UNUSED_VARIABLE = YES;
				IPHONEOS_DEPLOYMENT_TARGET = 9.3;
				MTL_ENABLE_DEBUG_INFO = YES;
				ONLY_ACTIVE_ARCH = YES;
				SDKROOT = iphoneos;
				SWIFT_OPTIMIZATION_LEVEL = "-Onone";
				TARGETED_DEVICE_FAMILY = "1,2";
			};
			name = Debug;
		};
		D8011FF31CC4418D0032D90B /* Release */ = {
			isa = XCBuildConfiguration;
			buildSettings = {
				ALWAYS_SEARCH_USER_PATHS = NO;
				CLANG_ANALYZER_NONNULL = YES;
				CLANG_CXX_LANGUAGE_STANDARD = "gnu++0x";
				CLANG_CXX_LIBRARY = "libc++";
				CLANG_ENABLE_MODULES = YES;
				CLANG_ENABLE_OBJC_ARC = YES;
				CLANG_WARN_BOOL_CONVERSION = YES;
				CLANG_WARN_CONSTANT_CONVERSION = YES;
				CLANG_WARN_DIRECT_OBJC_ISA_USAGE = YES_ERROR;
				CLANG_WARN_EMPTY_BODY = YES;
				CLANG_WARN_ENUM_CONVERSION = YES;
				CLANG_WARN_INT_CONVERSION = YES;
				CLANG_WARN_OBJC_ROOT_CLASS = YES_ERROR;
				CLANG_WARN_UNREACHABLE_CODE = YES;
				CLANG_WARN__DUPLICATE_METHOD_MATCH = YES;
				"CODE_SIGN_IDENTITY[sdk=iphoneos*]" = "iPhone Developer";
				COPY_PHASE_STRIP = NO;
				DEBUG_INFORMATION_FORMAT = "dwarf-with-dsym";
				ENABLE_NS_ASSERTIONS = NO;
				ENABLE_STRICT_OBJC_MSGSEND = YES;
				GCC_C_LANGUAGE_STANDARD = gnu99;
				GCC_NO_COMMON_BLOCKS = YES;
				GCC_WARN_64_TO_32_BIT_CONVERSION = YES;
				GCC_WARN_ABOUT_RETURN_TYPE = YES_ERROR;
				GCC_WARN_UNDECLARED_SELECTOR = YES;
				GCC_WARN_UNINITIALIZED_AUTOS = YES_AGGRESSIVE;
				GCC_WARN_UNUSED_FUNCTION = YES;
				GCC_WARN_UNUSED_VARIABLE = YES;
				IPHONEOS_DEPLOYMENT_TARGET = 9.3;
				MTL_ENABLE_DEBUG_INFO = NO;
				SDKROOT = iphoneos;
				TARGETED_DEVICE_FAMILY = "1,2";
				VALIDATE_PRODUCT = YES;
			};
			name = Release;
		};
		D8011FF51CC4418D0032D90B /* Debug */ = {
			isa = XCBuildConfiguration;
			baseConfigurationReference = CE92C984B84F1D9B9D688D2A /* Pods-FlickrViewer.debug.xcconfig */;
			buildSettings = {
				ASSETCATALOG_COMPILER_APPICON_NAME = AppIcon;
				INFOPLIST_FILE = FlickrViewer/Info.plist;
				LD_RUNPATH_SEARCH_PATHS = "$(inherited) @executable_path/Frameworks";
				PRODUCT_BUNDLE_IDENTIFIER = io.github.n4tr0n.FlickrViewer;
				PRODUCT_NAME = "$(TARGET_NAME)";
			};
			name = Debug;
		};
		D8011FF61CC4418D0032D90B /* Release */ = {
			isa = XCBuildConfiguration;
			baseConfigurationReference = 6C9477071673CAE921FE94BB /* Pods-FlickrViewer.release.xcconfig */;
			buildSettings = {
				ASSETCATALOG_COMPILER_APPICON_NAME = AppIcon;
				INFOPLIST_FILE = FlickrViewer/Info.plist;
				LD_RUNPATH_SEARCH_PATHS = "$(inherited) @executable_path/Frameworks";
				PRODUCT_BUNDLE_IDENTIFIER = io.github.n4tr0n.FlickrViewer;
				PRODUCT_NAME = "$(TARGET_NAME)";
			};
			name = Release;
		};
/* End XCBuildConfiguration section */

/* Begin XCConfigurationList section */
		D8011FDD1CC4418D0032D90B /* Build configuration list for PBXProject "FlickrViewer" */ = {
			isa = XCConfigurationList;
			buildConfigurations = (
				D8011FF21CC4418D0032D90B /* Debug */,
				D8011FF31CC4418D0032D90B /* Release */,
			);
			defaultConfigurationIsVisible = 0;
			defaultConfigurationName = Release;
		};
		D8011FF41CC4418D0032D90B /* Build configuration list for PBXNativeTarget "FlickrViewer" */ = {
			isa = XCConfigurationList;
			buildConfigurations = (
				D8011FF51CC4418D0032D90B /* Debug */,
				D8011FF61CC4418D0032D90B /* Release */,
			);
			defaultConfigurationIsVisible = 0;
			defaultConfigurationName = Release;
		};
/* End XCConfigurationList section */
	};
	rootObject = D8011FDA1CC4418D0032D90B /* Project object */;
}
